
Microsoft Visual Studio Solution File, Format Version 12.00
# Visual Studio Version 17
VisualStudioVersion = 17.6.33723.286
MinimumVisualStudioVersion = 10.0.40219.1
Project("{2150E333-8FDC-42A3-9474-1A3956D46DE8}") = "Core", "Core", "{9EDFEDF5-B3D9-4433-9241-FBE7492AE830}"
EndProject
Project("{2150E333-8FDC-42A3-9474-1A3956D46DE8}") = "Infrastructure", "Infrastructure", "{683D8F9A-C671-4D97-B365-F399618D13E1}"
EndProject
Project("{9A19103F-16F7-4668-BE54-9A1E7A4F7556}") = "Application", "Application\Application.csproj", "{19E54445-D21E-45CB-8083-267B197E1BE8}"
EndProject
Project("{9A19103F-16F7-4668-BE54-9A1E7A4F7556}") = "Domain", "Domain\Domain.csproj", "{1D6287ED-35AC-4C97-B70F-FD62D715F91B}"
EndProject
Project("{9A19103F-16F7-4668-BE54-9A1E7A4F7556}") = "Infrastructure.Persistance", "Infrastructure.Persistance\Infrastructure.Persistance.csproj", "{9B6704D2-6469-4CEC-86BE-12EAC78B26AA}"
EndProject
Project("{9A19103F-16F7-4668-BE54-9A1E7A4F7556}") = "Infrastructure.Shared", "Infrastructure.Shared\Infrastructure.Shared.csproj", "{A37DC403-450C-45F6-BAC4-FC02BFB9C011}"
EndProject
Project("{2150E333-8FDC-42A3-9474-1A3956D46DE8}") = "WebAPI", "WebAPI", "{9D92B67C-CE2D-40D7-A07B-530A7A52C9F8}"
EndProject
Project("{9A19103F-16F7-4668-BE54-9A1E7A4F7556}") = "WebAPI", "WebAPI\WebAPI.csproj", "{DAE20111-563B-4125-B8D8-8B6C3E5A3942}"
EndProject
Project("{2150E333-8FDC-42A3-9474-1A3956D46DE8}") = "WebUI", "WebUI", "{81C30EAE-E8A0-4BDE-9194-A063ED4A3446}"
EndProject
Project("{9A19103F-16F7-4668-BE54-9A1E7A4F7556}") = "WebUI", "Traveller.UI\WebUI.csproj", "{30B10DD1-A7AC-4384-A06A-981778869FFD}"
EndProject
Project("{2150E333-8FDC-42A3-9474-1A3956D46DE8}") = "DB.SQL", "DB.SQL", "{5833B812-8FA4-4C8A-B8DF-F2C4872DB764}"
	ProjectSection(SolutionItems) = preProject
		..\..\..\..\amuttathu\Desktop\TemplateDB_SchemaWithData.sql = ..\..\..\..\amuttathu\Desktop\TemplateDB_SchemaWithData.sql
	EndProjectSection
EndProject
Project("{2150E333-8FDC-42A3-9474-1A3956D46DE8}") = "SupportDesk", "SupportDesk", "{F2CA4C07-151D-4512-BBA8-6D1D73131701}"
	ProjectSection(SolutionItems) = preProject
		E:\DB_BackUps\20240121.bak = E:\DB_BackUps\20240121.bak
	EndProjectSection
EndProject
Project("{9A19103F-16F7-4668-BE54-9A1E7A4F7556}") = "CommonAPI", "CommonAPI\CommonAPI.csproj", "{364C830B-439B-411B-A139-FE4748737D27}"
EndProject
Project("{2150E333-8FDC-42A3-9474-1A3956D46DE8}") = "WindowsForms", "WindowsForms", "{C7AEF106-6764-46E9-8637-9806FDC3E39E}"
EndProject
Project("{2150E333-8FDC-42A3-9474-1A3956D46DE8}") = "WindowsService", "WindowsService", "{02C7DD6C-4430-4976-B51F-25D509450A93}"
EndProject
Project("{FAE04EC0-301F-11D3-BF4B-00C04F79EFBC}") = "NotificationService", "NotificationService\NotificationService.csproj", "{64AA2129-5CFE-4D94-B7A2-37D37271E7E7}"
EndProject
Project("{9A19103F-16F7-4668-BE54-9A1E7A4F7556}") = "PushNotifications", "PushNotifications\PushNotifications.csproj", "{4B542726-0960-4B7F-8CAE-E06BC67317C5}"
EndProject
Project("{2150E333-8FDC-42A3-9474-1A3956D46DE8}") = "ClassLibrary", "ClassLibrary", "{42959CFF-B43A-43C1-A061-527B46059999}"
EndProject
Project("{9A19103F-16F7-4668-BE54-9A1E7A4F7556}") = "Common", "Common\Common.csproj", "{C2EA9D42-FEFA-48B0-8203-9F48822E50C6}"
EndProject
Project("{E24C65DC-7377-472B-9ABA-BC803B73C61A}") = "AngularClient", "AngularClient\", "{BC1240D7-13C3-4ABE-A202-7963FB280E47}"
	ProjectSection(WebsiteProperties) = preProject
		TargetFrameworkMoniker = ".NETFramework,Version%3Dv4.8"
		Debug.AspNetCompiler.VirtualPath = "/localhost_64826"
		Debug.AspNetCompiler.PhysicalPath = "AngularClient\"
		Debug.AspNetCompiler.TargetPath = "PrecompiledWeb\localhost_64826\"
		Debug.AspNetCompiler.Updateable = "true"
		Debug.AspNetCompiler.ForceOverwrite = "true"
		Debug.AspNetCompiler.FixedNames = "false"
		Debug.AspNetCompiler.Debug = "True"
		Release.AspNetCompiler.VirtualPath = "/localhost_64826"
		Release.AspNetCompiler.PhysicalPath = "AngularClient\"
		Release.AspNetCompiler.TargetPath = "PrecompiledWeb\localhost_64826\"
		Release.AspNetCompiler.Updateable = "true"
		Release.AspNetCompiler.ForceOverwrite = "true"
		Release.AspNetCompiler.FixedNames = "false"
		Release.AspNetCompiler.Debug = "False"
		VWDPort = "64826"
		SlnRelativePath = "AngularClient\"
	EndProjectSection
EndProject
Global
	GlobalSection(SolutionConfigurationPlatforms) = preSolution
		Debug|Any CPU = Debug|Any CPU
		Release|Any CPU = Release|Any CPU
	EndGlobalSection
	GlobalSection(ProjectConfigurationPlatforms) = postSolution
		{19E54445-D21E-45CB-8083-267B197E1BE8}.Debug|Any CPU.ActiveCfg = Debug|Any CPU
		{19E54445-D21E-45CB-8083-267B197E1BE8}.Debug|Any CPU.Build.0 = Debug|Any CPU
		{19E54445-D21E-45CB-8083-267B197E1BE8}.Release|Any CPU.ActiveCfg = Release|Any CPU
		{19E54445-D21E-45CB-8083-267B197E1BE8}.Release|Any CPU.Build.0 = Release|Any CPU
		{1D6287ED-35AC-4C97-B70F-FD62D715F91B}.Debug|Any CPU.ActiveCfg = Debug|Any CPU
		{1D6287ED-35AC-4C97-B70F-FD62D715F91B}.Debug|Any CPU.Build.0 = Debug|Any CPU
		{1D6287ED-35AC-4C97-B70F-FD62D715F91B}.Release|Any CPU.ActiveCfg = Release|Any CPU
		{1D6287ED-35AC-4C97-B70F-FD62D715F91B}.Release|Any CPU.Build.0 = Release|Any CPU
		{9B6704D2-6469-4CEC-86BE-12EAC78B26AA}.Debug|Any CPU.ActiveCfg = Debug|Any CPU
		{9B6704D2-6469-4CEC-86BE-12EAC78B26AA}.Debug|Any CPU.Build.0 = Debug|Any CPU
		{9B6704D2-6469-4CEC-86BE-12EAC78B26AA}.Release|Any CPU.ActiveCfg = Release|Any CPU
		{9B6704D2-6469-4CEC-86BE-12EAC78B26AA}.Release|Any CPU.Build.0 = Release|Any CPU
		{A37DC403-450C-45F6-BAC4-FC02BFB9C011}.Debug|Any CPU.ActiveCfg = Debug|Any CPU
		{A37DC403-450C-45F6-BAC4-FC02BFB9C011}.Debug|Any CPU.Build.0 = Debug|Any CPU
		{A37DC403-450C-45F6-BAC4-FC02BFB9C011}.Release|Any CPU.ActiveCfg = Release|Any CPU
		{A37DC403-450C-45F6-BAC4-FC02BFB9C011}.Release|Any CPU.Build.0 = Release|Any CPU
		{DAE20111-563B-4125-B8D8-8B6C3E5A3942}.Debug|Any CPU.ActiveCfg = Debug|Any CPU
		{DAE20111-563B-4125-B8D8-8B6C3E5A3942}.Debug|Any CPU.Build.0 = Debug|Any CPU
		{DAE20111-563B-4125-B8D8-8B6C3E5A3942}.Release|Any CPU.ActiveCfg = Release|Any CPU
		{DAE20111-563B-4125-B8D8-8B6C3E5A3942}.Release|Any CPU.Build.0 = Release|Any CPU
		{30B10DD1-A7AC-4384-A06A-981778869FFD}.Debug|Any CPU.ActiveCfg = Debug|Any CPU
		{30B10DD1-A7AC-4384-A06A-981778869FFD}.Debug|Any CPU.Build.0 = Debug|Any CPU
		{30B10DD1-A7AC-4384-A06A-981778869FFD}.Release|Any CPU.ActiveCfg = Release|Any CPU
		{30B10DD1-A7AC-4384-A06A-981778869FFD}.Release|Any CPU.Build.0 = Release|Any CPU
		{364C830B-439B-411B-A139-FE4748737D27}.Debug|Any CPU.ActiveCfg = Debug|Any CPU
		{364C830B-439B-411B-A139-FE4748737D27}.Debug|Any CPU.Build.0 = Debug|Any CPU
		{364C830B-439B-411B-A139-FE4748737D27}.Release|Any CPU.ActiveCfg = Release|Any CPU
		{364C830B-439B-411B-A139-FE4748737D27}.Release|Any CPU.Build.0 = Release|Any CPU
		{64AA2129-5CFE-4D94-B7A2-37D37271E7E7}.Debug|Any CPU.ActiveCfg = Debug|Any CPU
		{64AA2129-5CFE-4D94-B7A2-37D37271E7E7}.Debug|Any CPU.Build.0 = Debug|Any CPU
		{64AA2129-5CFE-4D94-B7A2-37D37271E7E7}.Release|Any CPU.ActiveCfg = Release|Any CPU
		{64AA2129-5CFE-4D94-B7A2-37D37271E7E7}.Release|Any CPU.Build.0 = Release|Any CPU
		{4B542726-0960-4B7F-8CAE-E06BC67317C5}.Debug|Any CPU.ActiveCfg = Debug|Any CPU
		{4B542726-0960-4B7F-8CAE-E06BC67317C5}.Debug|Any CPU.Build.0 = Debug|Any CPU
		{4B542726-0960-4B7F-8CAE-E06BC67317C5}.Release|Any CPU.ActiveCfg = Release|Any CPU
		{4B542726-0960-4B7F-8CAE-E06BC67317C5}.Release|Any CPU.Build.0 = Release|Any CPU
		{C2EA9D42-FEFA-48B0-8203-9F48822E50C6}.Debug|Any CPU.ActiveCfg = Debug|Any CPU
		{C2EA9D42-FEFA-48B0-8203-9F48822E50C6}.Debug|Any CPU.Build.0 = Debug|Any CPU
		{C2EA9D42-FEFA-48B0-8203-9F48822E50C6}.Release|Any CPU.ActiveCfg = Release|Any CPU
		{C2EA9D42-FEFA-48B0-8203-9F48822E50C6}.Release|Any CPU.Build.0 = Release|Any CPU
		{BC1240D7-13C3-4ABE-A202-7963FB280E47}.Debug|Any CPU.ActiveCfg = Debug|Any CPU
		{BC1240D7-13C3-4ABE-A202-7963FB280E47}.Debug|Any CPU.Build.0 = Debug|Any CPU
		{BC1240D7-13C3-4ABE-A202-7963FB280E47}.Release|Any CPU.ActiveCfg = Debug|Any CPU
		{BC1240D7-13C3-4ABE-A202-7963FB280E47}.Release|Any CPU.Build.0 = Debug|Any CPU
	EndGlobalSection
	GlobalSection(SolutionProperties) = preSolution
		HideSolutionNode = FALSE
	EndGlobalSection
	GlobalSection(NestedProjects) = preSolution
		{19E54445-D21E-45CB-8083-267B197E1BE8} = {9EDFEDF5-B3D9-4433-9241-FBE7492AE830}
		{1D6287ED-35AC-4C97-B70F-FD62D715F91B} = {9EDFEDF5-B3D9-4433-9241-FBE7492AE830}
		{9B6704D2-6469-4CEC-86BE-12EAC78B26AA} = {683D8F9A-C671-4D97-B365-F399618D13E1}
		{A37DC403-450C-45F6-BAC4-FC02BFB9C011} = {683D8F9A-C671-4D97-B365-F399618D13E1}
		{DAE20111-563B-4125-B8D8-8B6C3E5A3942} = {9D92B67C-CE2D-40D7-A07B-530A7A52C9F8}
		{30B10DD1-A7AC-4384-A06A-981778869FFD} = {81C30EAE-E8A0-4BDE-9194-A063ED4A3446}
		{F2CA4C07-151D-4512-BBA8-6D1D73131701} = {5833B812-8FA4-4C8A-B8DF-F2C4872DB764}
		{364C830B-439B-411B-A139-FE4748737D27} = {9D92B67C-CE2D-40D7-A07B-530A7A52C9F8}
		{64AA2129-5CFE-4D94-B7A2-37D37271E7E7} = {02C7DD6C-4430-4976-B51F-25D509450A93}
		{4B542726-0960-4B7F-8CAE-E06BC67317C5} = {C7AEF106-6764-46E9-8637-9806FDC3E39E}
		{C2EA9D42-FEFA-48B0-8203-9F48822E50C6} = {42959CFF-B43A-43C1-A061-527B46059999}
	EndGlobalSection
	GlobalSection(ExtensibilityGlobals) = postSolution
		SolutionGuid = {A9A672EC-6F81-450D-9DDA-21713C7B26C6}
	EndGlobalSection
EndGlobal
